
Microsoft Visual Studio Solution File, Format Version 12.00
# Visual Studio Version 16
VisualStudioVersion = 16.0.30804.86
MinimumVisualStudioVersion = 10.0.40219.1
Project("{FAE04EC0-301F-11D3-BF4B-00C04F79EFBC}") = "Beeldherkenning1", "Beeldherkenning1\Beeldherkenning1.csproj", "{5727B2D3-81BC-495D-B681-7D7438F441C9}"
EndProject
Project("{9A19103F-16F7-4668-BE54-9A1E7A4F7556}") = "Beeldherkenning1ML.Model", "Beeldherkenning1ML.Model\Beeldherkenning1ML.Model.csproj", "{70A6C316-6F62-4CDD-9D85-54EF28D39F1C}"
EndProject
Project("{9A19103F-16F7-4668-BE54-9A1E7A4F7556}") = "Beeldherkenning1ML.ConsoleApp", "Beeldherkenning1ML.ConsoleApp\Beeldherkenning1ML.ConsoleApp.csproj", "{69E0CEB9-A377-46A4-9E80-18E31C2F5738}"
EndProject
Global
	GlobalSection(SolutionConfigurationPlatforms) = preSolution
		Debug|Any CPU = Debug|Any CPU
		Release|Any CPU = Release|Any CPU
	EndGlobalSection
	GlobalSection(ProjectConfigurationPlatforms) = postSolution
		{5727B2D3-81BC-495D-B681-7D7438F441C9}.Debug|Any CPU.ActiveCfg = Debug|Any CPU
		{5727B2D3-81BC-495D-B681-7D7438F441C9}.Debug|Any CPU.Build.0 = Debug|Any CPU
		{5727B2D3-81BC-495D-B681-7D7438F441C9}.Release|Any CPU.ActiveCfg = Release|Any CPU
		{5727B2D3-81BC-495D-B681-7D7438F441C9}.Release|Any CPU.Build.0 = Release|Any CPU
		{70A6C316-6F62-4CDD-9D85-54EF28D39F1C}.Debug|Any CPU.ActiveCfg = Debug|Any CPU
		{70A6C316-6F62-4CDD-9D85-54EF28D39F1C}.Debug|Any CPU.Build.0 = Debug|Any CPU
		{70A6C316-6F62-4CDD-9D85-54EF28D39F1C}.Release|Any CPU.ActiveCfg = Release|Any CPU
		{70A6C316-6F62-4CDD-9D85-54EF28D39F1C}.Release|Any CPU.Build.0 = Release|Any CPU
		{69E0CEB9-A377-46A4-9E80-18E31C2F5738}.Debug|Any CPU.ActiveCfg = Debug|Any CPU
		{69E0CEB9-A377-46A4-9E80-18E31C2F5738}.Debug|Any CPU.Build.0 = Debug|Any CPU
		{69E0CEB9-A377-46A4-9E80-18E31C2F5738}.Release|Any CPU.ActiveCfg = Release|Any CPU
		{69E0CEB9-A377-46A4-9E80-18E31C2F5738}.Release|Any CPU.Build.0 = Release|Any CPU
	EndGlobalSection
	GlobalSection(SolutionProperties) = preSolution
		HideSolutionNode = FALSE
	EndGlobalSection
	GlobalSection(ExtensibilityGlobals) = postSolution
		SolutionGuid = {63BF0AD6-1D3F-466B-806C-7F13C736EC1C}
	EndGlobalSection
EndGlobal
